{
  "object": {
    "pins": [
      {
        "package": "MomXML",
        "repositoryURL": "https://github.com/phimage/MomXML.git",
        "state": {
          "branch": "HEAD",
          "revision": "f5b77798de0c9003f43e67bcd2406ccf37df3b4c",
          "version": null
        }
      },
      {
        "package": "Prephirences",
        "repositoryURL": "https://github.com/phimage/Prephirences.git",
        "state": {
          "branch": null,
          "revision": "81b4792293972ec7541a941333e584ccc7976198",
          "version": "5.1.0"
        }
      },
      {
        "package": "SWXMLHash",
        "repositoryURL": "https://github.com/drmohundro/SWXMLHash.git",
        "state": {
          "branch": null,
          "revision": "a4931e5c3bafbedeb1601d3bb76bbe835c6d475a",
          "version": "5.0.1"
        }
      },
      {
        "package": "XCGLogger",
        "repositoryURL": "https://github.com/DaveWoodCom/XCGLogger.git",
        "state": {
          "branch": null,
          "revision": "f0daefd2a472f0c8d3d12a4b0d45594195a6c74d",
          "version": "7.0.0"
        }
      }
    ]
  },
  "version": 1
}
